{
    "dama/doctrine-test-bundle": {
        "version": "6.6",
        "recipe": {
            "repo": "github.com/symfony/recipes-contrib",
            "branch": "master",
            "version": "4.0",
            "ref": "56eaa387b5e48ebcc7c95a893b47dfa1ad51449c"
        },
        "files": [
            "./config/packages/test/dama_doctrine_test_bundle.yaml"
        ]
    },
    "egulias/email-validator": {
        "version": "3.1.2"
    },
    "lorenzo/pinky": {
        "version": "1.0.5"
    },
    "php-webdriver/webdriver": {
        "version": "1.12.0"
    },
    "symfony/amqp-messenger": {
        "version": "v5.2.12"
    },
    "symfony/doctrine-messenger": {
        "version": "v5.2.12"
    },
    "symfony/mailer": {
        "version": "5.2",
        "recipe": {
            "repo": "github.com/symfony/recipes",
            "branch": "master",
            "version": "4.3",
            "ref": "bbfc7e27257d3a3f12a6fb0a42540a42d9623a37"
        },
        "files": [
            "./config/packages/mailer.yaml"
        ]
    },
    "symfony/messenger": {
        "version": "5.2",
        "recipe": {
            "repo": "github.com/symfony/recipes",
            "branch": "master",
            "version": "4.3",
            "ref": "25e3c964d3aee480b3acc3114ffb7940c89edfed"
        },
        "files": [
            "./config/packages/messenger.yaml"
        ]
    },
    "symfony/panther": {
        "version": "1.1",
        "recipe": {
            "repo": "github.com/symfony/recipes",
            "branch": "master",
            "version": "1.0",
            "ref": "877d853a05c6713665a2f4b954734592680abff6"
        }
    },
    "symfony/process": {
        "version": "v5.2.12"
    },
    "symfony/redis-messenger": {
        "version": "v5.2.12"
    },
    "symfony/webpack-encore-bundle": {
        "version": "1.12",
        "recipe": {
            "repo": "github.com/symfony/recipes",
            "branch": "master",
            "version": "1.9",
            "ref": "0f274572ea315eb3b5884518a50ca43f211b4534"
        },
        "files": [
            "./assets/styles/app.css",
            "./assets/controllers.json",
            "./assets/controllers/hello_controller.js",
            "./assets/app.js",
            "./assets/bootstrap.js",
            "./config/packages/webpack_encore.yaml",
            "./config/packages/test/webpack_encore.yaml",
            "./config/packages/prod/webpack_encore.yaml",
            "./config/packages/assets.yaml",
            "./package.json",
            "./webpack.config.js"
        ]
    },
    "symfony/workflow": {
        "version": "5.2",
        "recipe": {
            "repo": "github.com/symfony/recipes",
            "branch": "master",
            "version": "3.3",
            "ref": "3b2f8ca32a07fcb00f899649053943fa3d8bbfb6"
        },
        "files": [
            "./config/packages/workflow.yaml"
        ]
    },
    "tijsverkoyen/css-to-inline-styles": {
        "version": "2.2.3"
    },
    "twig/cssinliner-extra": {
        "version": "v3.3.3"
    },
    "twig/inky-extra": {
        "version": "v3.3.3"
    }
}
